{
  "requires": true,
  "lockfileVersion": 1,
  "dependencies": {
    "vuetify": {
      "version": "2.4.9",
      "resolved": "https://registry.npmjs.org/vuetify/-/vuetify-2.4.9.tgz",
      "integrity": "sha512-IS+ZKCk4+RhN8PW9mw6dLSGy0hnFZ0YwOg0Ga+sr9bngbSOI6nw0p+Y/U00vRw8DPScqUmK5cSrI8RhiaTpXow=="
    }
  }
}
